
Microsoft Visual Studio Solution File, Format Version 12.00
# Visual Studio Version 17
VisualStudioVersion = 17.5.33516.290
MinimumVisualStudioVersion = 10.0.40219.1
Project("{FAE04EC0-301F-11D3-BF4B-00C04F79EFBC}") = "LoggingInDotnetCore", "LoggingInDotnetCore\LoggingInDotnetCore.csproj", "{4AF9AD04-17ED-4E73-8491-6D4C28845A17}"
EndProject
Global
	GlobalSection(SolutionConfigurationPlatforms) = preSolution
		Debug|Any CPU = Debug|Any CPU
		Release|Any CPU = Release|Any CPU
	EndGlobalSection
	GlobalSection(ProjectConfigurationPlatforms) = postSolution
		{4AF9AD04-17ED-4E73-8491-6D4C28845A17}.Debug|Any CPU.ActiveCfg = Debug|Any CPU
		{4AF9AD04-17ED-4E73-8491-6D4C28845A17}.Debug|Any CPU.Build.0 = Debug|Any CPU
		{4AF9AD04-17ED-4E73-8491-6D4C28845A17}.Release|Any CPU.ActiveCfg = Release|Any CPU
		{4AF9AD04-17ED-4E73-8491-6D4C28845A17}.Release|Any CPU.Build.0 = Release|Any CPU
	EndGlobalSection
	GlobalSection(SolutionProperties) = preSolution
		HideSolutionNode = FALSE
	EndGlobalSection
	GlobalSection(ExtensibilityGlobals) = postSolution
		SolutionGuid = {43994BE0-6383-4FF7-BE29-EDEA43D95A4C}
	EndGlobalSection
EndGlobal
